// !$*UTF8*$!
{
	archiveVersion = 1;
	classes = {
	};
	objectVersion = 50;
	objects = {

/* Begin PBXBuildFile section */
		2D8BBD0C25A5E6BC005A6DAE /* CollectionsViewController.swift in Sources */ = {isa = PBXBuildFile; fileRef = 2D8BBD0B25A5E6BB005A6DAE /* CollectionsViewController.swift */; };
		2D8BBD0F25A5F38A005A6DAE /* Collection.swift in Sources */ = {isa = PBXBuildFile; fileRef = 2D8BBD0E25A5F38A005A6DAE /* Collection.swift */; };
		2D8BBD1225A62C53005A6DAE /* CollectionTableViewCell.swift in Sources */ = {isa = PBXBuildFile; fileRef = 2D8BBD1125A62C53005A6DAE /* CollectionTableViewCell.swift */; };
		2D8BBD1525A64461005A6DAE /* CollectionCoverImageView.swift in Sources */ = {isa = PBXBuildFile; fileRef = 2D8BBD1425A64461005A6DAE /* CollectionCoverImageView.swift */; };
		2DA1921725A675460083D636 /* CollectionViewController.swift in Sources */ = {isa = PBXBuildFile; fileRef = 2DA1921625A675460083D636 /* CollectionViewController.swift */; };
		2DA1921A25A749410083D636 /* PhotoCollectionViewCell.swift in Sources */ = {isa = PBXBuildFile; fileRef = 2DA1921925A749410083D636 /* PhotoCollectionViewCell.swift */; };
		2DA1921D25A7BDAF0083D636 /* PhotoViewController.swift in Sources */ = {isa = PBXBuildFile; fileRef = 2DA1921C25A7BDAF0083D636 /* PhotoViewController.swift */; };
		2DA1922125A7C8E50083D636 /* UIColor.swift in Sources */ = {isa = PBXBuildFile; fileRef = 2DA1922025A7C8E50083D636 /* UIColor.swift */; };
		2DA1922425A899400083D636 /* API.swift in Sources */ = {isa = PBXBuildFile; fileRef = 2DA1922325A899400083D636 /* API.swift */; };
		2DBBB77925A5BBC90069EA60 /* Environment.swift in Sources */ = {isa = PBXBuildFile; fileRef = 2DBBB77825A5BBC90069EA60 /* Environment.swift */; };
		2DE91BD4258C01050069FE8F /* Image.swift in Sources */ = {isa = PBXBuildFile; fileRef = 2DE91BD3258C01050069FE8F /* Image.swift */; };
		2DE91BD7258C0E020069FE8F /* NetworkService.swift in Sources */ = {isa = PBXBuildFile; fileRef = 2DE91BD6258C0E020069FE8F /* NetworkService.swift */; };
		2DF7494F2589FA8200898E33 /* AppDelegate.swift in Sources */ = {isa = PBXBuildFile; fileRef = 2DF7494E2589FA8200898E33 /* AppDelegate.swift */; };
		2DF749512589FA8200898E33 /* SceneDelegate.swift in Sources */ = {isa = PBXBuildFile; fileRef = 2DF749502589FA8200898E33 /* SceneDelegate.swift */; };
		2DF749532589FA8200898E33 /* RandomImageViewController.swift in Sources */ = {isa = PBXBuildFile; fileRef = 2DF749522589FA8200898E33 /* RandomImageViewController.swift */; };
		2DF749562589FA8200898E33 /* Main.storyboard in Resources */ = {isa = PBXBuildFile; fileRef = 2DF749542589FA8200898E33 /* Main.storyboard */; };
		2DF749582589FA8300898E33 /* Assets.xcassets in Resources */ = {isa = PBXBuildFile; fileRef = 2DF749572589FA8300898E33 /* Assets.xcassets */; };
		2DF7495B2589FA8300898E33 /* LaunchScreen.storyboard in Resources */ = {isa = PBXBuildFile; fileRef = 2DF749592589FA8300898E33 /* LaunchScreen.storyboard */; };
/* End PBXBuildFile section */

/* Begin PBXFileReference section */
		2D8BBD0B25A5E6BB005A6DAE /* CollectionsViewController.swift */ = {isa = PBXFileReference; lastKnownFileType = sourcecode.swift; path = CollectionsViewController.swift; sourceTree = "<group>"; };
		2D8BBD0E25A5F38A005A6DAE /* Collection.swift */ = {isa = PBXFileReference; lastKnownFileType = sourcecode.swift; path = Collection.swift; sourceTree = "<group>"; };
		2D8BBD1125A62C53005A6DAE /* CollectionTableViewCell.swift */ = {isa = PBXFileReference; lastKnownFileType = sourcecode.swift; path = CollectionTableViewCell.swift; sourceTree = "<group>"; };
		2D8BBD1425A64461005A6DAE /* CollectionCoverImageView.swift */ = {isa = PBXFileReference; lastKnownFileType = sourcecode.swift; path = CollectionCoverImageView.swift; sourceTree = "<group>"; };
		2DA1921625A675460083D636 /* CollectionViewController.swift */ = {isa = PBXFileReference; lastKnownFileType = sourcecode.swift; path = CollectionViewController.swift; sourceTree = "<group>"; };
		2DA1921925A749410083D636 /* PhotoCollectionViewCell.swift */ = {isa = PBXFileReference; lastKnownFileType = sourcecode.swift; path = PhotoCollectionViewCell.swift; sourceTree = "<group>"; };
		2DA1921C25A7BDAF0083D636 /* PhotoViewController.swift */ = {isa = PBXFileReference; lastKnownFileType = sourcecode.swift; path = PhotoViewController.swift; sourceTree = "<group>"; };
		2DA1922025A7C8E50083D636 /* UIColor.swift */ = {isa = PBXFileReference; lastKnownFileType = sourcecode.swift; path = UIColor.swift; sourceTree = "<group>"; };
		2DA1922325A899400083D636 /* API.swift */ = {isa = PBXFileReference; lastKnownFileType = sourcecode.swift; path = API.swift; sourceTree = "<group>"; };
		2DBBB77825A5BBC90069EA60 /* Environment.swift */ = {isa = PBXFileReference; lastKnownFileType = sourcecode.swift; path = Environment.swift; sourceTree = "<group>"; };
		2DE91BD3258C01050069FE8F /* Image.swift */ = {isa = PBXFileReference; lastKnownFileType = sourcecode.swift; path = Image.swift; sourceTree = "<group>"; };
		2DE91BD6258C0E020069FE8F /* NetworkService.swift */ = {isa = PBXFileReference; lastKnownFileType = sourcecode.swift; path = NetworkService.swift; sourceTree = "<group>"; };
		2DF7494B2589FA8200898E33 /* RMRobots.app */ = {isa = PBXFileReference; explicitFileType = wrapper.application; includeInIndex = 0; path = RMRobots.app; sourceTree = BUILT_PRODUCTS_DIR; };
		2DF7494E2589FA8200898E33 /* AppDelegate.swift */ = {isa = PBXFileReference; lastKnownFileType = sourcecode.swift; path = AppDelegate.swift; sourceTree = "<group>"; };
		2DF749502589FA8200898E33 /* SceneDelegate.swift */ = {isa = PBXFileReference; lastKnownFileType = sourcecode.swift; path = SceneDelegate.swift; sourceTree = "<group>"; };
		2DF749522589FA8200898E33 /* RandomImageViewController.swift */ = {isa = PBXFileReference; lastKnownFileType = sourcecode.swift; path = RandomImageViewController.swift; sourceTree = "<group>"; };
		2DF749552589FA8200898E33 /* Base */ = {isa = PBXFileReference; lastKnownFileType = file.storyboard; name = Base; path = Base.lproj/Main.storyboard; sourceTree = "<group>"; };
		2DF749572589FA8300898E33 /* Assets.xcassets */ = {isa = PBXFileReference; lastKnownFileType = folder.assetcatalog; path = Assets.xcassets; sourceTree = "<group>"; };
		2DF7495A2589FA8300898E33 /* Base */ = {isa = PBXFileReference; lastKnownFileType = file.storyboard; name = Base; path = Base.lproj/LaunchScreen.storyboard; sourceTree = "<group>"; };
		2DF7495C2589FA8300898E33 /* Info.plist */ = {isa = PBXFileReference; lastKnownFileType = text.plist.xml; path = Info.plist; sourceTree = "<group>"; };
/* End PBXFileReference section */

/* Begin PBXFrameworksBuildPhase section */
		2DF749482589FA8200898E33 /* Frameworks */ = {
			isa = PBXFrameworksBuildPhase;
			buildActionMask = 2147483647;
			files = (
			);
			runOnlyForDeploymentPostprocessing = 0;
		};
/* End PBXFrameworksBuildPhase section */

/* Begin PBXGroup section */
		2D888B4F258B94D000659BE5 /* Supporting files */ = {
			isa = PBXGroup;
			children = (
				2DF7495C2589FA8300898E33 /* Info.plist */,
				2DF749572589FA8300898E33 /* Assets.xcassets */,
			);
			path = "Supporting files";
			sourceTree = "<group>";
		};
		2DA1921025A66DA20083D636 /* Application */ = {
			isa = PBXGroup;
			children = (
				2DF7494E2589FA8200898E33 /* AppDelegate.swift */,
				2DF749502589FA8200898E33 /* SceneDelegate.swift */,
				2DF749592589FA8300898E33 /* LaunchScreen.storyboard */,
				2DF749542589FA8200898E33 /* Main.storyboard */,
			);
			path = Application;
			sourceTree = "<group>";
		};
		2DA1921125A66E070083D636 /* Config */ = {
			isa = PBXGroup;
			children = (
				2DBBB77825A5BBC90069EA60 /* Environment.swift */,
				2DA1922325A899400083D636 /* API.swift */,
			);
			path = Config;
			sourceTree = "<group>";
		};
		2DA1921225A66E9B0083D636 /* Controllers */ = {
			isa = PBXGroup;
			children = (
				2DF749522589FA8200898E33 /* RandomImageViewController.swift */,
				2D8BBD0B25A5E6BB005A6DAE /* CollectionsViewController.swift */,
				2DA1921625A675460083D636 /* CollectionViewController.swift */,
				2DA1921C25A7BDAF0083D636 /* PhotoViewController.swift */,
			);
			path = Controllers;
			sourceTree = "<group>";
		};
		2DA1921325A66EC50083D636 /* Views */ = {
			isa = PBXGroup;
			children = (
				2D8BBD1125A62C53005A6DAE /* CollectionTableViewCell.swift */,
				2D8BBD1425A64461005A6DAE /* CollectionCoverImageView.swift */,
				2DA1921925A749410083D636 /* PhotoCollectionViewCell.swift */,
			);
			path = Views;
			sourceTree = "<group>";
		};
		2DA1921425A66EF00083D636 /* Services */ = {
			isa = PBXGroup;
			children = (
				2DE91BD6258C0E020069FE8F /* NetworkService.swift */,
			);
			path = Services;
			sourceTree = "<group>";
		};
		2DA1921F25A7C8BA0083D636 /* Utils */ = {
			isa = PBXGroup;
			children = (
				2DA1922025A7C8E50083D636 /* UIColor.swift */,
			);
			path = Utils;
			sourceTree = "<group>";
		};
		2DE91BD2258C00C80069FE8F /* Models */ = {
			isa = PBXGroup;
			children = (
				2DE91BD3258C01050069FE8F /* Image.swift */,
				2D8BBD0E25A5F38A005A6DAE /* Collection.swift */,
			);
			path = Models;
			sourceTree = "<group>";
		};
		2DF749422589FA8200898E33 = {
			isa = PBXGroup;
			children = (
				2DF7494D2589FA8200898E33 /* RMRobots */,
				2DF7494C2589FA8200898E33 /* Products */,
			);
			sourceTree = "<group>";
		};
		2DF7494C2589FA8200898E33 /* Products */ = {
			isa = PBXGroup;
			children = (
				2DF7494B2589FA8200898E33 /* RMRobots.app */,
			);
			name = Products;
			sourceTree = "<group>";
		};
		2DF7494D2589FA8200898E33 /* RMRobots */ = {
			isa = PBXGroup;
			children = (
				2DA1921025A66DA20083D636 /* Application */,
				2DA1921225A66E9B0083D636 /* Controllers */,
				2DA1921325A66EC50083D636 /* Views */,
				2DE91BD2258C00C80069FE8F /* Models */,
				2DA1921425A66EF00083D636 /* Services */,
				2DA1921125A66E070083D636 /* Config */,
				2DA1921F25A7C8BA0083D636 /* Utils */,
				2D888B4F258B94D000659BE5 /* Supporting files */,
			);
			path = RMRobots;
			sourceTree = "<group>";
		};
/* End PBXGroup section */

/* Begin PBXNativeTarget section */
		2DF7494A2589FA8200898E33 /* RMRobots */ = {
			isa = PBXNativeTarget;
			buildConfigurationList = 2DF7495F2589FA8300898E33 /* Build configuration list for PBXNativeTarget "RMRobots" */;
			buildPhases = (
				2DF749472589FA8200898E33 /* Sources */,
				2DF749482589FA8200898E33 /* Frameworks */,
				2DF749492589FA8200898E33 /* Resources */,
			);
			buildRules = (
			);
			dependencies = (
			);
			name = RMRobots;
			productName = RMRobots;
			productReference = 2DF7494B2589FA8200898E33 /* RMRobots.app */;
			productType = "com.apple.product-type.application";
		};
/* End PBXNativeTarget section */

/* Begin PBXProject section */
		2DF749432589FA8200898E33 /* Project object */ = {
			isa = PBXProject;
			attributes = {
				LastSwiftUpdateCheck = 1230;
				LastUpgradeCheck = 1230;
				TargetAttributes = {
					2DF7494A2589FA8200898E33 = {
						CreatedOnToolsVersion = 12.3;
					};
				};
			};
			buildConfigurationList = 2DF749462589FA8200898E33 /* Build configuration list for PBXProject "RMRobots" */;
			compatibilityVersion = "Xcode 9.3";
			developmentRegion = en;
			hasScannedForEncodings = 0;
			knownRegions = (
				en,
				Base,
			);
			mainGroup = 2DF749422589FA8200898E33;
			productRefGroup = 2DF7494C2589FA8200898E33 /* Products */;
			projectDirPath = "";
			projectRoot = "";
			targets = (
				2DF7494A2589FA8200898E33 /* RMRobots */,
			);
		};
/* End PBXProject section */

/* Begin PBXResourcesBuildPhase section */
		2DF749492589FA8200898E33 /* Resources */ = {
			isa = PBXResourcesBuildPhase;
			buildActionMask = 2147483647;
			files = (
				2DF7495B2589FA8300898E33 /* LaunchScreen.storyboard in Resources */,
				2DF749582589FA8300898E33 /* Assets.xcassets in Resources */,
				2DF749562589FA8200898E33 /* Main.storyboard in Resources */,
			);
			runOnlyForDeploymentPostprocessing = 0;
		};
/* End PBXResourcesBuildPhase section */

/* Begin PBXSourcesBuildPhase section */
		2DF749472589FA8200898E33 /* Sources */ = {
			isa = PBXSourcesBuildPhase;
			buildActionMask = 2147483647;
			files = (
				2D8BBD0C25A5E6BC005A6DAE /* CollectionsViewController.swift in Sources */,
				2DA1922125A7C8E50083D636 /* UIColor.swift in Sources */,
				2DE91BD7258C0E020069FE8F /* NetworkService.swift in Sources */,
				2D8BBD1525A64461005A6DAE /* CollectionCoverImageView.swift in Sources */,
				2DA1922425A899400083D636 /* API.swift in Sources */,
				2DBBB77925A5BBC90069EA60 /* Environment.swift in Sources */,
				2DF749532589FA8200898E33 /* RandomImageViewController.swift in Sources */,
				2DA1921A25A749410083D636 /* PhotoCollectionViewCell.swift in Sources */,
				2DE91BD4258C01050069FE8F /* Image.swift in Sources */,
				2DF7494F2589FA8200898E33 /* AppDelegate.swift in Sources */,
				2DF749512589FA8200898E33 /* SceneDelegate.swift in Sources */,
				2D8BBD1225A62C53005A6DAE /* CollectionTableViewCell.swift in Sources */,
				2D8BBD0F25A5F38A005A6DAE /* Collection.swift in Sources */,
				2DA1921725A675460083D636 /* CollectionViewController.swift in Sources */,
				2DA1921D25A7BDAF0083D636 /* PhotoViewController.swift in Sources */,
			);
			runOnlyForDeploymentPostprocessing = 0;
		};
/* End PBXSourcesBuildPhase section */

/* Begin PBXVariantGroup section */
		2DF749542589FA8200898E33 /* Main.storyboard */ = {
			isa = PBXVariantGroup;
			children = (
				2DF749552589FA8200898E33 /* Base */,
			);
			name = Main.storyboard;
			sourceTree = "<group>";
		};
		2DF749592589FA8300898E33 /* LaunchScreen.storyboard */ = {
			isa = PBXVariantGroup;
			children = (
				2DF7495A2589FA8300898E33 /* Base */,
			);
			name = LaunchScreen.storyboard;
			sourceTree = "<group>";
		};
/* End PBXVariantGroup section */

/* Begin XCBuildConfiguration section */
		2DF7495D2589FA8300898E33 /* Debug */ = {
			isa = XCBuildConfiguration;
			buildSettings = {
				ALWAYS_SEARCH_USER_PATHS = NO;
				CLANG_ANALYZER_NONNULL = YES;
				CLANG_ANALYZER_NUMBER_OBJECT_CONVERSION = YES_AGGRESSIVE;
				CLANG_CXX_LANGUAGE_STANDARD = "gnu++14";
				CLANG_CXX_LIBRARY = "libc++";
				CLANG_ENABLE_MODULES = YES;
				CLANG_ENABLE_OBJC_ARC = YES;
				CLANG_ENABLE_OBJC_WEAK = YES;
				CLANG_WARN_BLOCK_CAPTURE_AUTORELEASING = YES;
				CLANG_WARN_BOOL_CONVERSION = YES;
				CLANG_WARN_COMMA = YES;
				CLANG_WARN_CONSTANT_CONVERSION = YES;
				CLANG_WARN_DEPRECATED_OBJC_IMPLEMENTATIONS = YES;
				CLANG_WARN_DIRECT_OBJC_ISA_USAGE = YES_ERROR;
				CLANG_WARN_DOCUMENTATION_COMMENTS = YES;
				CLANG_WARN_EMPTY_BODY = YES;
				CLANG_WARN_ENUM_CONVERSION = YES;
				CLANG_WARN_INFINITE_RECURSION = YES;
				CLANG_WARN_INT_CONVERSION = YES;
				CLANG_WARN_NON_LITERAL_NULL_CONVERSION = YES;
				CLANG_WARN_OBJC_IMPLICIT_RETAIN_SELF = YES;
				CLANG_WARN_OBJC_LITERAL_CONVERSION = YES;
				CLANG_WARN_OBJC_ROOT_CLASS = YES_ERROR;
				CLANG_WARN_QUOTED_INCLUDE_IN_FRAMEWORK_HEADER = YES;
				CLANG_WARN_RANGE_LOOP_ANALYSIS = YES;
				CLANG_WARN_STRICT_PROTOTYPES = YES;
				CLANG_WARN_SUSPICIOUS_MOVE = YES;
				CLANG_WARN_UNGUARDED_AVAILABILITY = YES_AGGRESSIVE;
				CLANG_WARN_UNREACHABLE_CODE = YES;
				CLANG_WARN__DUPLICATE_METHOD_MATCH = YES;
				COPY_PHASE_STRIP = NO;
				DEBUG_INFORMATION_FORMAT = dwarf;
				ENABLE_STRICT_OBJC_MSGSEND = YES;
				ENABLE_TESTABILITY = YES;
				GCC_C_LANGUAGE_STANDARD = gnu11;
				GCC_DYNAMIC_NO_PIC = NO;
				GCC_NO_COMMON_BLOCKS = YES;
				GCC_OPTIMIZATION_LEVEL = 0;
				GCC_PREPROCESSOR_DEFINITIONS = (
					"DEBUG=1",
					"$(inherited)",
				);
				GCC_WARN_64_TO_32_BIT_CONVERSION = YES;
				GCC_WARN_ABOUT_RETURN_TYPE = YES_ERROR;
				GCC_WARN_UNDECLARED_SELECTOR = YES;
				GCC_WARN_UNINITIALIZED_AUTOS = YES_AGGRESSIVE;
				GCC_WARN_UNUSED_FUNCTION = YES;
				GCC_WARN_UNUSED_VARIABLE = YES;
				IPHONEOS_DEPLOYMENT_TARGET = 14.3;
				MTL_ENABLE_DEBUG_INFO = INCLUDE_SOURCE;
				MTL_FAST_MATH = YES;
				ONLY_ACTIVE_ARCH = YES;
				SDKROOT = iphoneos;
				SWIFT_ACTIVE_COMPILATION_CONDITIONS = DEBUG;
				SWIFT_OPTIMIZATION_LEVEL = "-Onone";
			};
			name = Debug;
		};
		2DF7495E2589FA8300898E33 /* Release */ = {
			isa = XCBuildConfiguration;
			buildSettings = {
				ALWAYS_SEARCH_USER_PATHS = NO;
				CLANG_ANALYZER_NONNULL = YES;
				CLANG_ANALYZER_NUMBER_OBJECT_CONVERSION = YES_AGGRESSIVE;
				CLANG_CXX_LANGUAGE_STANDARD = "gnu++14";
				CLANG_CXX_LIBRARY = "libc++";
				CLANG_ENABLE_MODULES = YES;
				CLANG_ENABLE_OBJC_ARC = YES;
				CLANG_ENABLE_OBJC_WEAK = YES;
				CLANG_WARN_BLOCK_CAPTURE_AUTORELEASING = YES;
				CLANG_WARN_BOOL_CONVERSION = YES;
				CLANG_WARN_COMMA = YES;
				CLANG_WARN_CONSTANT_CONVERSION = YES;
				CLANG_WARN_DEPRECATED_OBJC_IMPLEMENTATIONS = YES;
				CLANG_WARN_DIRECT_OBJC_ISA_USAGE = YES_ERROR;
				CLANG_WARN_DOCUMENTATION_COMMENTS = YES;
				CLANG_WARN_EMPTY_BODY = YES;
				CLANG_WARN_ENUM_CONVERSION = YES;
				CLANG_WARN_INFINITE_RECURSION = YES;
				CLANG_WARN_INT_CONVERSION = YES;
				CLANG_WARN_NON_LITERAL_NULL_CONVERSION = YES;
				CLANG_WARN_OBJC_IMPLICIT_RETAIN_SELF = YES;
				CLANG_WARN_OBJC_LITERAL_CONVERSION = YES;
				CLANG_WARN_OBJC_ROOT_CLASS = YES_ERROR;
				CLANG_WARN_QUOTED_INCLUDE_IN_FRAMEWORK_HEADER = YES;
				CLANG_WARN_RANGE_LOOP_ANALYSIS = YES;
				CLANG_WARN_STRICT_PROTOTYPES = YES;
				CLANG_WARN_SUSPICIOUS_MOVE = YES;
				CLANG_WARN_UNGUARDED_AVAILABILITY = YES_AGGRESSIVE;
				CLANG_WARN_UNREACHABLE_CODE = YES;
				CLANG_WARN__DUPLICATE_METHOD_MATCH = YES;
				COPY_PHASE_STRIP = NO;
				DEBUG_INFORMATION_FORMAT = "dwarf-with-dsym";
				ENABLE_NS_ASSERTIONS = NO;
				ENABLE_STRICT_OBJC_MSGSEND = YES;
				GCC_C_LANGUAGE_STANDARD = gnu11;
				GCC_NO_COMMON_BLOCKS = YES;
				GCC_WARN_64_TO_32_BIT_CONVERSION = YES;
				GCC_WARN_ABOUT_RETURN_TYPE = YES_ERROR;
				GCC_WARN_UNDECLARED_SELECTOR = YES;
				GCC_WARN_UNINITIALIZED_AUTOS = YES_AGGRESSIVE;
				GCC_WARN_UNUSED_FUNCTION = YES;
				GCC_WARN_UNUSED_VARIABLE = YES;
				IPHONEOS_DEPLOYMENT_TARGET = 14.3;
				MTL_ENABLE_DEBUG_INFO = NO;
				MTL_FAST_MATH = YES;
				SDKROOT = iphoneos;
				SWIFT_COMPILATION_MODE = wholemodule;
				SWIFT_OPTIMIZATION_LEVEL = "-O";
				VALIDATE_PRODUCT = YES;
			};
			name = Release;
		};
		2DF749602589FA8300898E33 /* Debug */ = {
			isa = XCBuildConfiguration;
			buildSettings = {
				ASSETCATALOG_COMPILER_APPICON_NAME = AppIcon;
				ASSETCATALOG_COMPILER_GLOBAL_ACCENT_COLOR_NAME = AccentColor;
				CODE_SIGN_STYLE = Automatic;
				INFOPLIST_FILE = "$(SRCROOT)/RMRobots/Supporting files/Info.plist";
				LD_RUNPATH_SEARCH_PATHS = (
					"$(inherited)",
					"@executable_path/Frameworks",
				);
				PRODUCT_BUNDLE_IDENTIFIER = com.mdmitrenko.RMRobots;
				PRODUCT_NAME = "$(TARGET_NAME)";
				SWIFT_VERSION = 5.0;
				TARGETED_DEVICE_FAMILY = 1;
			};
			name = Debug;
		};
		2DF749612589FA8300898E33 /* Release */ = {
			isa = XCBuildConfiguration;
			buildSettings = {
				ASSETCATALOG_COMPILER_APPICON_NAME = AppIcon;
				ASSETCATALOG_COMPILER_GLOBAL_ACCENT_COLOR_NAME = AccentColor;
				CODE_SIGN_STYLE = Automatic;
				INFOPLIST_FILE = "$(SRCROOT)/RMRobots/Supporting files/Info.plist";
				LD_RUNPATH_SEARCH_PATHS = (
					"$(inherited)",
					"@executable_path/Frameworks",
				);
				PRODUCT_BUNDLE_IDENTIFIER = com.mdmitrenko.RMRobots;
				PRODUCT_NAME = "$(TARGET_NAME)";
				SWIFT_VERSION = 5.0;
				TARGETED_DEVICE_FAMILY = 1;
			};
			name = Release;
		};
/* End XCBuildConfiguration section */

/* Begin XCConfigurationList section */
		2DF749462589FA8200898E33 /* Build configuration list for PBXProject "RMRobots" */ = {
			isa = XCConfigurationList;
			buildConfigurations = (
				2DF7495D2589FA8300898E33 /* Debug */,
				2DF7495E2589FA8300898E33 /* Release */,
			);
			defaultConfigurationIsVisible = 0;
			defaultConfigurationName = Release;
		};
		2DF7495F2589FA8300898E33 /* Build configuration list for PBXNativeTarget "RMRobots" */ = {
			isa = XCConfigurationList;
			buildConfigurations = (
				2DF749602589FA8300898E33 /* Debug */,
				2DF749612589FA8300898E33 /* Release */,
			);
			defaultConfigurationIsVisible = 0;
			defaultConfigurationName = Release;
		};
/* End XCConfigurationList section */
	};
	rootObject = 2DF749432589FA8200898E33 /* Project object */;
}
